
Microsoft Visual Studio Solution File, Format Version 12.00
# Visual Studio Version 17
VisualStudioVersion = 17.8.34511.84
MinimumVisualStudioVersion = 10.0.40219.1
Project("{FAE04EC0-301F-11D3-BF4B-00C04F79EFBC}") = "AuthCoreAPI", "AuthCoreAPI\AuthCoreAPI.csproj", "{FF64EB1B-7159-46FB-ADAF-82142CB63EC4}"
EndProject
Global
	GlobalSection(SolutionConfigurationPlatforms) = preSolution
		Debug|Any CPU = Debug|Any CPU
		Release|Any CPU = Release|Any CPU
	EndGlobalSection
	GlobalSection(ProjectConfigurationPlatforms) = postSolution
		{FF64EB1B-7159-46FB-ADAF-82142CB63EC4}.Debug|Any CPU.ActiveCfg = Debug|Any CPU
		{FF64EB1B-7159-46FB-ADAF-82142CB63EC4}.Debug|Any CPU.Build.0 = Debug|Any CPU
		{FF64EB1B-7159-46FB-ADAF-82142CB63EC4}.Release|Any CPU.ActiveCfg = Release|Any CPU
		{FF64EB1B-7159-46FB-ADAF-82142CB63EC4}.Release|Any CPU.Build.0 = Release|Any CPU
	EndGlobalSection
	GlobalSection(SolutionProperties) = preSolution
		HideSolutionNode = FALSE
	EndGlobalSection
	GlobalSection(ExtensibilityGlobals) = postSolution
		SolutionGuid = {B2C04355-AD7B-4352-B4C5-30490E025661}
	EndGlobalSection
EndGlobal
